{"version":4,"terraform_version":"1.11.3","serial":3,"lineage":"612c3100-5cb5-51b7-d752-d1dc0748fe3a","outputs":{"bucket_name":{"value":"webbucket","type":"string"},"bucket_url":{"value":"http://127.0.0.1:9000/webbucket","type":"string"}},"resources":[{"mode":"managed","type":"minio_s3_bucket","name":"web_bucket","provider":"provider[\"registry.opentofu.org/terraform-provider-minio/minio\"]","instances":[{"schema_version":0,"attributes":{"acl":"public-read","arn":"arn:aws:s3:::webbucket","bucket":"webbucket","bucket_domain_name":"http://127.0.0.1:9000/webbucket","bucket_prefix":null,"force_destroy":false,"id":"webbucket","object_locking":false,"quota":null,"tags":{}},"sensitive_attributes":[],"private":"bnVsbA=="}]},{"mode":"managed","type":"minio_s3_object","name":"index_html","provider":"provider[\"registry.opentofu.org/terraform-provider-minio/minio\"]","instances":[{"schema_version":0,"attributes":{"acl":"public-read","bucket_name":"webbucket","content":null,"content_base64":null,"content_type":"application/octet-stream","etag":"624f31491c5924dea59421e6cf61db61-1","id":"index.html","object_name":"index.html","source":"index.html","version_id":""},"sensitive_attributes":[],"private":"bnVsbA==","dependencies":["minio_s3_bucket.web_bucket"]}]},{"mode":"managed","type":"minio_s3_object","name":"style_css","provider":"provider[\"registry.opentofu.org/terraform-provider-minio/minio\"]","instances":[{"schema_version":0,"attributes":{"acl":"public-read","bucket_name":"webbucket","content":null,"content_base64":null,"content_type":"application/octet-stream","etag":"410f214ce1a1399a2053e840a5ae1efa-1","id":"style.css","object_name":"style.css","source":"style.css","version_id":""},"sensitive_attributes":[],"private":"bnVsbA==","dependencies":["minio_s3_bucket.web_bucket"]}]}],"check_results":null}
