{"version":4,"terraform_version":"1.11.3","serial":1,"lineage":"612c3100-5cb5-51b7-d752-d1dc0748fe3a","outputs":{},"resources":[{"mode":"managed","type":"minio_s3_bucket","name":"tp1_bucket","provider":"provider[\"registry.opentofu.org/terraform-provider-minio/minio\"]","instances":[{"schema_version":0,"attributes":{"acl":"private","arn":"arn:aws:s3:::tp1-cloud-bucket","bucket":"tp1-cloud-bucket","bucket_domain_name":"http://127.0.0.1:9000/tp1-cloud-bucket","bucket_prefix":null,"force_destroy":false,"id":"tp1-cloud-bucket","object_locking":false,"quota":null,"tags":null},"sensitive_attributes":[],"private":"bnVsbA=="}]}],"check_results":null}
